// !$*UTF8*$!
{
	archiveVersion = 1;
	classes = {
	};
	objectVersion = 56;
	objects = {

/* Begin PBXBuildFile section */
		2CACCD2C2BD51C81008178F8 /* AppDelegate.swift in Sources */ = {isa = PBXBuildFile; fileRef = 2CACCD2B2BD51C81008178F8 /* AppDelegate.swift */; };
		2CACCD352BD51C83008178F8 /* Assets.xcassets in Resources */ = {isa = PBXBuildFile; fileRef = 2CACCD342BD51C83008178F8 /* Assets.xcassets */; };
		2CACCD382BD51C83008178F8 /* Base in Resources */ = {isa = PBXBuildFile; fileRef = 2CACCD372BD51C83008178F8 /* Base */; };
		2CACCD432BD51C83008178F8 /* LollipopTests.swift in Sources */ = {isa = PBXBuildFile; fileRef = 2CACCD422BD51C83008178F8 /* LollipopTests.swift */; };
		2CACCD4D2BD51C83008178F8 /* LollipopUITests.swift in Sources */ = {isa = PBXBuildFile; fileRef = 2CACCD4C2BD51C83008178F8 /* LollipopUITests.swift */; };
		2CACCD4F2BD51C83008178F8 /* LollipopUITestsLaunchTests.swift in Sources */ = {isa = PBXBuildFile; fileRef = 2CACCD4E2BD51C83008178F8 /* LollipopUITestsLaunchTests.swift */; };
		2CACCD802BD528F7008178F8 /* LaunchPresenter.swift in Sources */ = {isa = PBXBuildFile; fileRef = 2CACCD7A2BD528F7008178F8 /* LaunchPresenter.swift */; };
		2CACCD812BD528F7008178F8 /* LaunchProtocols.swift in Sources */ = {isa = PBXBuildFile; fileRef = 2CACCD7B2BD528F7008178F8 /* LaunchProtocols.swift */; };
		2CACCD822BD528F7008178F8 /* LaunchInteractor.swift in Sources */ = {isa = PBXBuildFile; fileRef = 2CACCD7C2BD528F7008178F8 /* LaunchInteractor.swift */; };
		2CACCD832BD528F7008178F8 /* LaunchView.swift in Sources */ = {isa = PBXBuildFile; fileRef = 2CACCD7D2BD528F7008178F8 /* LaunchView.swift */; };
		2CACCD842BD528F7008178F8 /* LaunchModel.swift in Sources */ = {isa = PBXBuildFile; fileRef = 2CACCD7E2BD528F7008178F8 /* LaunchModel.swift */; };
		2CACCD852BD528F7008178F8 /* LaunchWireframe.swift in Sources */ = {isa = PBXBuildFile; fileRef = 2CACCD7F2BD528F7008178F8 /* LaunchWireframe.swift */; };
		2CACCD892BD5290B008178F8 /* LaunchUI.swift in Sources */ = {isa = PBXBuildFile; fileRef = 2CACCD882BD5290B008178F8 /* LaunchUI.swift */; };
		2CACCD8D2BD52E38008178F8 /* Alert.swift in Sources */ = {isa = PBXBuildFile; fileRef = 2CACCD8C2BD52E38008178F8 /* Alert.swift */; };
		2CACCD902BD52E81008178F8 /* UIApplication+Extension.swift in Sources */ = {isa = PBXBuildFile; fileRef = 2CACCD8F2BD52E81008178F8 /* UIApplication+Extension.swift */; };
		2CACCD932BD52F84008178F8 /* LocalizationSystem.swift in Sources */ = {isa = PBXBuildFile; fileRef = 2CACCD922BD52F84008178F8 /* LocalizationSystem.swift */; };
		2CACCD952BD52FA3008178F8 /* LocalizedTitle.swift in Sources */ = {isa = PBXBuildFile; fileRef = 2CACCD942BD52FA3008178F8 /* LocalizedTitle.swift */; };
		2CACCDA02BD530A5008178F8 /* Localizable.strings in Resources */ = {isa = PBXBuildFile; fileRef = 2CACCD9E2BD530A5008178F8 /* Localizable.strings */; };
		2CACCDA52BD53241008178F8 /* Analytics.swift in Sources */ = {isa = PBXBuildFile; fileRef = 2CACCDA42BD53241008178F8 /* Analytics.swift */; };
		2CACCDA82BD53265008178F8 /* FirebaseEvents.swift in Sources */ = {isa = PBXBuildFile; fileRef = 2CACCDA72BD53265008178F8 /* FirebaseEvents.swift */; };
		2CACCDAA2BD5327F008178F8 /* UIColor+Extension.swift in Sources */ = {isa = PBXBuildFile; fileRef = 2CACCDA92BD5327F008178F8 /* UIColor+Extension.swift */; };
		2CACCDAD2BD53299008178F8 /* AppColors.swift in Sources */ = {isa = PBXBuildFile; fileRef = 2CACCDAC2BD53299008178F8 /* AppColors.swift */; };
		A2ED0BA9955552BA4BD24FE6 /* Pods_Lollipop.framework in Frameworks */ = {isa = PBXBuildFile; fileRef = D5685BCEBB04E30B01FA8A1F /* Pods_Lollipop.framework */; };
/* End PBXBuildFile section */

/* Begin PBXContainerItemProxy section */
		2CACCD3F2BD51C83008178F8 /* PBXContainerItemProxy */ = {
			isa = PBXContainerItemProxy;
			containerPortal = 2CACCD202BD51C81008178F8 /* Project object */;
			proxyType = 1;
			remoteGlobalIDString = 2CACCD272BD51C81008178F8;
			remoteInfo = Lollipop;
		};
		2CACCD492BD51C83008178F8 /* PBXContainerItemProxy */ = {
			isa = PBXContainerItemProxy;
			containerPortal = 2CACCD202BD51C81008178F8 /* Project object */;
			proxyType = 1;
			remoteGlobalIDString = 2CACCD272BD51C81008178F8;
			remoteInfo = Lollipop;
		};
/* End PBXContainerItemProxy section */

/* Begin PBXFileReference section */
		2CACCD282BD51C81008178F8 /* Lollipop.app */ = {isa = PBXFileReference; explicitFileType = wrapper.application; includeInIndex = 0; path = Lollipop.app; sourceTree = BUILT_PRODUCTS_DIR; };
		2CACCD2B2BD51C81008178F8 /* AppDelegate.swift */ = {isa = PBXFileReference; lastKnownFileType = sourcecode.swift; path = AppDelegate.swift; sourceTree = "<group>"; };
		2CACCD342BD51C83008178F8 /* Assets.xcassets */ = {isa = PBXFileReference; lastKnownFileType = folder.assetcatalog; path = Assets.xcassets; sourceTree = "<group>"; };
		2CACCD372BD51C83008178F8 /* Base */ = {isa = PBXFileReference; lastKnownFileType = file.storyboard; name = Base; path = Base.lproj/LaunchScreen.storyboard; sourceTree = "<group>"; };
		2CACCD392BD51C83008178F8 /* Info.plist */ = {isa = PBXFileReference; lastKnownFileType = text.plist.xml; path = Info.plist; sourceTree = "<group>"; };
		2CACCD3E2BD51C83008178F8 /* LollipopTests.xctest */ = {isa = PBXFileReference; explicitFileType = wrapper.cfbundle; includeInIndex = 0; path = LollipopTests.xctest; sourceTree = BUILT_PRODUCTS_DIR; };
		2CACCD422BD51C83008178F8 /* LollipopTests.swift */ = {isa = PBXFileReference; lastKnownFileType = sourcecode.swift; path = LollipopTests.swift; sourceTree = "<group>"; };
		2CACCD482BD51C83008178F8 /* LollipopUITests.xctest */ = {isa = PBXFileReference; explicitFileType = wrapper.cfbundle; includeInIndex = 0; path = LollipopUITests.xctest; sourceTree = BUILT_PRODUCTS_DIR; };
		2CACCD4C2BD51C83008178F8 /* LollipopUITests.swift */ = {isa = PBXFileReference; lastKnownFileType = sourcecode.swift; path = LollipopUITests.swift; sourceTree = "<group>"; };
		2CACCD4E2BD51C83008178F8 /* LollipopUITestsLaunchTests.swift */ = {isa = PBXFileReference; lastKnownFileType = sourcecode.swift; path = LollipopUITestsLaunchTests.swift; sourceTree = "<group>"; };
		2CACCD632BD52449008178F8 /* Lollipop.entitlements */ = {isa = PBXFileReference; lastKnownFileType = text.plist.entitlements; path = Lollipop.entitlements; sourceTree = "<group>"; };
		2CACCD7A2BD528F7008178F8 /* LaunchPresenter.swift */ = {isa = PBXFileReference; lastKnownFileType = sourcecode.swift; path = LaunchPresenter.swift; sourceTree = "<group>"; };
		2CACCD7B2BD528F7008178F8 /* LaunchProtocols.swift */ = {isa = PBXFileReference; lastKnownFileType = sourcecode.swift; path = LaunchProtocols.swift; sourceTree = "<group>"; };
		2CACCD7C2BD528F7008178F8 /* LaunchInteractor.swift */ = {isa = PBXFileReference; lastKnownFileType = sourcecode.swift; path = LaunchInteractor.swift; sourceTree = "<group>"; };
		2CACCD7D2BD528F7008178F8 /* LaunchView.swift */ = {isa = PBXFileReference; lastKnownFileType = sourcecode.swift; path = LaunchView.swift; sourceTree = "<group>"; };
		2CACCD7E2BD528F7008178F8 /* LaunchModel.swift */ = {isa = PBXFileReference; lastKnownFileType = sourcecode.swift; path = LaunchModel.swift; sourceTree = "<group>"; };
		2CACCD7F2BD528F7008178F8 /* LaunchWireframe.swift */ = {isa = PBXFileReference; lastKnownFileType = sourcecode.swift; path = LaunchWireframe.swift; sourceTree = "<group>"; };
		2CACCD882BD5290B008178F8 /* LaunchUI.swift */ = {isa = PBXFileReference; lastKnownFileType = sourcecode.swift; path = LaunchUI.swift; sourceTree = "<group>"; };
		2CACCD8C2BD52E38008178F8 /* Alert.swift */ = {isa = PBXFileReference; lastKnownFileType = sourcecode.swift; path = Alert.swift; sourceTree = "<group>"; };
		2CACCD8F2BD52E81008178F8 /* UIApplication+Extension.swift */ = {isa = PBXFileReference; lastKnownFileType = sourcecode.swift; path = "UIApplication+Extension.swift"; sourceTree = "<group>"; };
		2CACCD922BD52F84008178F8 /* LocalizationSystem.swift */ = {isa = PBXFileReference; lastKnownFileType = sourcecode.swift; path = LocalizationSystem.swift; sourceTree = "<group>"; };
		2CACCD942BD52FA3008178F8 /* LocalizedTitle.swift */ = {isa = PBXFileReference; lastKnownFileType = sourcecode.swift; path = LocalizedTitle.swift; sourceTree = "<group>"; };
		2CACCD9F2BD530A5008178F8 /* en */ = {isa = PBXFileReference; lastKnownFileType = text.plist.strings; name = en; path = en.lproj/Localizable.strings; sourceTree = "<group>"; };
		2CACCDA12BD530B9008178F8 /* sr-ME */ = {isa = PBXFileReference; lastKnownFileType = text.plist.strings; name = "sr-ME"; path = "sr-ME.lproj/Localizable.strings"; sourceTree = "<group>"; };
		2CACCDA22BD530C7008178F8 /* sr */ = {isa = PBXFileReference; lastKnownFileType = text.plist.strings; name = sr; path = sr.lproj/Localizable.strings; sourceTree = "<group>"; };
		2CACCDA42BD53241008178F8 /* Analytics.swift */ = {isa = PBXFileReference; lastKnownFileType = sourcecode.swift; path = Analytics.swift; sourceTree = "<group>"; };
		2CACCDA72BD53265008178F8 /* FirebaseEvents.swift */ = {isa = PBXFileReference; lastKnownFileType = sourcecode.swift; path = FirebaseEvents.swift; sourceTree = "<group>"; };
		2CACCDA92BD5327F008178F8 /* UIColor+Extension.swift */ = {isa = PBXFileReference; lastKnownFileType = sourcecode.swift; path = "UIColor+Extension.swift"; sourceTree = "<group>"; };
		2CACCDAC2BD53299008178F8 /* AppColors.swift */ = {isa = PBXFileReference; lastKnownFileType = sourcecode.swift; path = AppColors.swift; sourceTree = "<group>"; };
		2F5C16632B5378460D3B34E7 /* Pods-Lollipop.lollipop developmet debug.xcconfig */ = {isa = PBXFileReference; includeInIndex = 1; lastKnownFileType = text.xcconfig; name = "Pods-Lollipop.lollipop developmet debug.xcconfig"; path = "Target Support Files/Pods-Lollipop/Pods-Lollipop.lollipop developmet debug.xcconfig"; sourceTree = "<group>"; };
		38FFEF8E6EBB79E961E895E0 /* Pods-Lollipop.lollipop production debug.xcconfig */ = {isa = PBXFileReference; includeInIndex = 1; lastKnownFileType = text.xcconfig; name = "Pods-Lollipop.lollipop production debug.xcconfig"; path = "Target Support Files/Pods-Lollipop/Pods-Lollipop.lollipop production debug.xcconfig"; sourceTree = "<group>"; };
		7089D40ECF3C7B2E72F9D192 /* Pods-Lollipop.lollipop production release.xcconfig */ = {isa = PBXFileReference; includeInIndex = 1; lastKnownFileType = text.xcconfig; name = "Pods-Lollipop.lollipop production release.xcconfig"; path = "Target Support Files/Pods-Lollipop/Pods-Lollipop.lollipop production release.xcconfig"; sourceTree = "<group>"; };
		D3FE9FE9BD3C0E082D2D49D8 /* Pods-Lollipop.lollipop development release.xcconfig */ = {isa = PBXFileReference; includeInIndex = 1; lastKnownFileType = text.xcconfig; name = "Pods-Lollipop.lollipop development release.xcconfig"; path = "Target Support Files/Pods-Lollipop/Pods-Lollipop.lollipop development release.xcconfig"; sourceTree = "<group>"; };
		D5685BCEBB04E30B01FA8A1F /* Pods_Lollipop.framework */ = {isa = PBXFileReference; explicitFileType = wrapper.framework; includeInIndex = 0; path = Pods_Lollipop.framework; sourceTree = BUILT_PRODUCTS_DIR; };
/* End PBXFileReference section */

/* Begin PBXFrameworksBuildPhase section */
		2CACCD252BD51C81008178F8 /* Frameworks */ = {
			isa = PBXFrameworksBuildPhase;
			buildActionMask = 2147483647;
			files = (
				A2ED0BA9955552BA4BD24FE6 /* Pods_Lollipop.framework in Frameworks */,
			);
			runOnlyForDeploymentPostprocessing = 0;
		};
		2CACCD3B2BD51C83008178F8 /* Frameworks */ = {
			isa = PBXFrameworksBuildPhase;
			buildActionMask = 2147483647;
			files = (
			);
			runOnlyForDeploymentPostprocessing = 0;
		};
		2CACCD452BD51C83008178F8 /* Frameworks */ = {
			isa = PBXFrameworksBuildPhase;
			buildActionMask = 2147483647;
			files = (
			);
			runOnlyForDeploymentPostprocessing = 0;
		};
/* End PBXFrameworksBuildPhase section */

/* Begin PBXGroup section */
		2CACCD1F2BD51C81008178F8 = {
			isa = PBXGroup;
			children = (
				2CACCD2A2BD51C81008178F8 /* Lollipop */,
				2CACCD412BD51C83008178F8 /* LollipopTests */,
				2CACCD4B2BD51C83008178F8 /* LollipopUITests */,
				2CACCD292BD51C81008178F8 /* Products */,
				8C1AC92D620E8BB50BD90320 /* Pods */,
				AABBFA14AC2816D552F69FF1 /* Frameworks */,
			);
			sourceTree = "<group>";
		};
		2CACCD292BD51C81008178F8 /* Products */ = {
			isa = PBXGroup;
			children = (
				2CACCD282BD51C81008178F8 /* Lollipop.app */,
				2CACCD3E2BD51C83008178F8 /* LollipopTests.xctest */,
				2CACCD482BD51C83008178F8 /* LollipopUITests.xctest */,
			);
			name = Products;
			sourceTree = "<group>";
		};
		2CACCD2A2BD51C81008178F8 /* Lollipop */ = {
			isa = PBXGroup;
			children = (
				2CACCD632BD52449008178F8 /* Lollipop.entitlements */,
				2CACCD642BD52794008178F8 /* App Flow */,
				2CACCD8A2BD52DFF008178F8 /* Common */,
				2CACCD652BD5279F008178F8 /* Info property lists */,
				2CACCD662BD527AF008178F8 /* Lifecycle delegates */,
				2CACCD672BD527C0008178F8 /* Resources */,
				2CACCD682BD527D3008178F8 /* Splash */,
			);
			path = Lollipop;
			sourceTree = "<group>";
		};
		2CACCD412BD51C83008178F8 /* LollipopTests */ = {
			isa = PBXGroup;
			children = (
				2CACCD422BD51C83008178F8 /* LollipopTests.swift */,
			);
			path = LollipopTests;
			sourceTree = "<group>";
		};
		2CACCD4B2BD51C83008178F8 /* LollipopUITests */ = {
			isa = PBXGroup;
			children = (
				2CACCD4C2BD51C83008178F8 /* LollipopUITests.swift */,
				2CACCD4E2BD51C83008178F8 /* LollipopUITestsLaunchTests.swift */,
			);
			path = LollipopUITests;
			sourceTree = "<group>";
		};
		2CACCD642BD52794008178F8 /* App Flow */ = {
			isa = PBXGroup;
			children = (
				2CACCD782BD528EC008178F8 /* Launch */,
			);
			path = "App Flow";
			sourceTree = "<group>";
		};
		2CACCD652BD5279F008178F8 /* Info property lists */ = {
			isa = PBXGroup;
			children = (
				2CACCD392BD51C83008178F8 /* Info.plist */,
			);
			path = "Info property lists";
			sourceTree = "<group>";
		};
		2CACCD662BD527AF008178F8 /* Lifecycle delegates */ = {
			isa = PBXGroup;
			children = (
				2CACCD2B2BD51C81008178F8 /* AppDelegate.swift */,
			);
			path = "Lifecycle delegates";
			sourceTree = "<group>";
		};
		2CACCD672BD527C0008178F8 /* Resources */ = {
			isa = PBXGroup;
			children = (
				2CACCD912BD52F71008178F8 /* Localization */,
				2CACCD342BD51C83008178F8 /* Assets.xcassets */,
			);
			path = Resources;
			sourceTree = "<group>";
		};
		2CACCD682BD527D3008178F8 /* Splash */ = {
			isa = PBXGroup;
			children = (
				2CACCD362BD51C83008178F8 /* LaunchScreen.storyboard */,
			);
			path = Splash;
			sourceTree = "<group>";
		};
		2CACCD782BD528EC008178F8 /* Launch */ = {
			isa = PBXGroup;
			children = (
				2CACCD7A2BD528F7008178F8 /* LaunchPresenter.swift */,
				2CACCD7B2BD528F7008178F8 /* LaunchProtocols.swift */,
				2CACCD7C2BD528F7008178F8 /* LaunchInteractor.swift */,
				2CACCD7D2BD528F7008178F8 /* LaunchView.swift */,
				2CACCD7E2BD528F7008178F8 /* LaunchModel.swift */,
				2CACCD7F2BD528F7008178F8 /* LaunchWireframe.swift */,
				2CACCD872BD528FE008178F8 /* UI */,
			);
			path = Launch;
			sourceTree = "<group>";
		};
		2CACCD872BD528FE008178F8 /* UI */ = {
			isa = PBXGroup;
			children = (
				2CACCD882BD5290B008178F8 /* LaunchUI.swift */,
			);
			path = UI;
			sourceTree = "<group>";
		};
		2CACCD8A2BD52DFF008178F8 /* Common */ = {
			isa = PBXGroup;
			children = (
				2CACCDAB2BD5328A008178F8 /* App Colors */,
				2CACCD8B2BD52E33008178F8 /* Alert */,
				2CACCDA32BD5322F008178F8 /* Analytics */,
				2CACCDA62BD5324A008178F8 /* Enumerations */,
				2CACCD8E2BD52E59008178F8 /* Extensions */,
			);
			path = Common;
			sourceTree = "<group>";
		};
		2CACCD8B2BD52E33008178F8 /* Alert */ = {
			isa = PBXGroup;
			children = (
				2CACCD8C2BD52E38008178F8 /* Alert.swift */,
			);
			path = Alert;
			sourceTree = "<group>";
		};
		2CACCD8E2BD52E59008178F8 /* Extensions */ = {
			isa = PBXGroup;
			children = (
				2CACCD8F2BD52E81008178F8 /* UIApplication+Extension.swift */,
				2CACCDA92BD5327F008178F8 /* UIColor+Extension.swift */,
			);
			path = Extensions;
			sourceTree = "<group>";
		};
		2CACCD912BD52F71008178F8 /* Localization */ = {
			isa = PBXGroup;
			children = (
				2CACCD922BD52F84008178F8 /* LocalizationSystem.swift */,
				2CACCD942BD52FA3008178F8 /* LocalizedTitle.swift */,
				2CACCD9E2BD530A5008178F8 /* Localizable.strings */,
			);
			path = Localization;
			sourceTree = "<group>";
		};
		2CACCDA32BD5322F008178F8 /* Analytics */ = {
			isa = PBXGroup;
			children = (
				2CACCDA42BD53241008178F8 /* Analytics.swift */,
			);
			path = Analytics;
			sourceTree = "<group>";
		};
		2CACCDA62BD5324A008178F8 /* Enumerations */ = {
			isa = PBXGroup;
			children = (
				2CACCDA72BD53265008178F8 /* FirebaseEvents.swift */,
			);
			path = Enumerations;
			sourceTree = "<group>";
		};
		2CACCDAB2BD5328A008178F8 /* App Colors */ = {
			isa = PBXGroup;
			children = (
				2CACCDAC2BD53299008178F8 /* AppColors.swift */,
			);
			path = "App Colors";
			sourceTree = "<group>";
		};
		8C1AC92D620E8BB50BD90320 /* Pods */ = {
			isa = PBXGroup;
			children = (
				2F5C16632B5378460D3B34E7 /* Pods-Lollipop.lollipop developmet debug.xcconfig */,
				38FFEF8E6EBB79E961E895E0 /* Pods-Lollipop.lollipop production debug.xcconfig */,
				D3FE9FE9BD3C0E082D2D49D8 /* Pods-Lollipop.lollipop development release.xcconfig */,
				7089D40ECF3C7B2E72F9D192 /* Pods-Lollipop.lollipop production release.xcconfig */,
			);
			path = Pods;
			sourceTree = "<group>";
		};
		AABBFA14AC2816D552F69FF1 /* Frameworks */ = {
			isa = PBXGroup;
			children = (
				D5685BCEBB04E30B01FA8A1F /* Pods_Lollipop.framework */,
			);
			name = Frameworks;
			sourceTree = "<group>";
		};
/* End PBXGroup section */

/* Begin PBXNativeTarget section */
		2CACCD272BD51C81008178F8 /* Lollipop */ = {
			isa = PBXNativeTarget;
			buildConfigurationList = 2CACCD522BD51C83008178F8 /* Build configuration list for PBXNativeTarget "Lollipop" */;
			buildPhases = (
				1AF9E195F019747DEA5CE2A4 /* [CP] Check Pods Manifest.lock */,
				2CACCD242BD51C81008178F8 /* Sources */,
				2CACCD252BD51C81008178F8 /* Frameworks */,
				2CACCD262BD51C81008178F8 /* Resources */,
				D030AA325E6801CA31C3B885 /* [CP] Embed Pods Frameworks */,
			);
			buildRules = (
			);
			dependencies = (
			);
			name = Lollipop;
			productName = Lollipop;
			productReference = 2CACCD282BD51C81008178F8 /* Lollipop.app */;
			productType = "com.apple.product-type.application";
		};
		2CACCD3D2BD51C83008178F8 /* LollipopTests */ = {
			isa = PBXNativeTarget;
			buildConfigurationList = 2CACCD552BD51C83008178F8 /* Build configuration list for PBXNativeTarget "LollipopTests" */;
			buildPhases = (
				2CACCD3A2BD51C83008178F8 /* Sources */,
				2CACCD3B2BD51C83008178F8 /* Frameworks */,
				2CACCD3C2BD51C83008178F8 /* Resources */,
			);
			buildRules = (
			);
			dependencies = (
				2CACCD402BD51C83008178F8 /* PBXTargetDependency */,
			);
			name = LollipopTests;
			productName = LollipopTests;
			productReference = 2CACCD3E2BD51C83008178F8 /* LollipopTests.xctest */;
			productType = "com.apple.product-type.bundle.unit-test";
		};
		2CACCD472BD51C83008178F8 /* LollipopUITests */ = {
			isa = PBXNativeTarget;
			buildConfigurationList = 2CACCD582BD51C83008178F8 /* Build configuration list for PBXNativeTarget "LollipopUITests" */;
			buildPhases = (
				2CACCD442BD51C83008178F8 /* Sources */,
				2CACCD452BD51C83008178F8 /* Frameworks */,
				2CACCD462BD51C83008178F8 /* Resources */,
			);
			buildRules = (
			);
			dependencies = (
				2CACCD4A2BD51C83008178F8 /* PBXTargetDependency */,
			);
			name = LollipopUITests;
			productName = LollipopUITests;
			productReference = 2CACCD482BD51C83008178F8 /* LollipopUITests.xctest */;
			productType = "com.apple.product-type.bundle.ui-testing";
		};
/* End PBXNativeTarget section */

/* Begin PBXProject section */
		2CACCD202BD51C81008178F8 /* Project object */ = {
			isa = PBXProject;
			attributes = {
				BuildIndependentTargetsInParallel = 1;
				LastSwiftUpdateCheck = 1530;
				LastUpgradeCheck = 1530;
				TargetAttributes = {
					2CACCD272BD51C81008178F8 = {
						CreatedOnToolsVersion = 15.3;
					};
					2CACCD3D2BD51C83008178F8 = {
						CreatedOnToolsVersion = 15.3;
						TestTargetID = 2CACCD272BD51C81008178F8;
					};
					2CACCD472BD51C83008178F8 = {
						CreatedOnToolsVersion = 15.3;
						TestTargetID = 2CACCD272BD51C81008178F8;
					};
				};
			};
			buildConfigurationList = 2CACCD232BD51C81008178F8 /* Build configuration list for PBXProject "Lollipop" */;
			compatibilityVersion = "Xcode 14.0";
			developmentRegion = en;
			hasScannedForEncodings = 0;
			knownRegions = (
				en,
				Base,
				"sr-ME",
				sr,
			);
			mainGroup = 2CACCD1F2BD51C81008178F8;
			productRefGroup = 2CACCD292BD51C81008178F8 /* Products */;
			projectDirPath = "";
			projectRoot = "";
			targets = (
				2CACCD272BD51C81008178F8 /* Lollipop */,
				2CACCD3D2BD51C83008178F8 /* LollipopTests */,
				2CACCD472BD51C83008178F8 /* LollipopUITests */,
			);
		};
/* End PBXProject section */

/* Begin PBXResourcesBuildPhase section */
		2CACCD262BD51C81008178F8 /* Resources */ = {
			isa = PBXResourcesBuildPhase;
			buildActionMask = 2147483647;
			files = (
				2CACCD352BD51C83008178F8 /* Assets.xcassets in Resources */,
				2CACCDA02BD530A5008178F8 /* Localizable.strings in Resources */,
				2CACCD382BD51C83008178F8 /* Base in Resources */,
			);
			runOnlyForDeploymentPostprocessing = 0;
		};
		2CACCD3C2BD51C83008178F8 /* Resources */ = {
			isa = PBXResourcesBuildPhase;
			buildActionMask = 2147483647;
			files = (
			);
			runOnlyForDeploymentPostprocessing = 0;
		};
		2CACCD462BD51C83008178F8 /* Resources */ = {
			isa = PBXResourcesBuildPhase;
			buildActionMask = 2147483647;
			files = (
			);
			runOnlyForDeploymentPostprocessing = 0;
		};
/* End PBXResourcesBuildPhase section */

/* Begin PBXShellScriptBuildPhase section */
		1AF9E195F019747DEA5CE2A4 /* [CP] Check Pods Manifest.lock */ = {
			isa = PBXShellScriptBuildPhase;
			buildActionMask = 2147483647;
			files = (
			);
			inputFileListPaths = (
			);
			inputPaths = (
				"${PODS_PODFILE_DIR_PATH}/Podfile.lock",
				"${PODS_ROOT}/Manifest.lock",
			);
			name = "[CP] Check Pods Manifest.lock";
			outputFileListPaths = (
			);
			outputPaths = (
				"$(DERIVED_FILE_DIR)/Pods-Lollipop-checkManifestLockResult.txt",
			);
			runOnlyForDeploymentPostprocessing = 0;
			shellPath = /bin/sh;
			shellScript = "diff \"${PODS_PODFILE_DIR_PATH}/Podfile.lock\" \"${PODS_ROOT}/Manifest.lock\" > /dev/null\nif [ $? != 0 ] ; then\n    # print error to STDERR\n    echo \"error: The sandbox is not in sync with the Podfile.lock. Run 'pod install' or update your CocoaPods installation.\" >&2\n    exit 1\nfi\n# This output is used by Xcode 'outputs' to avoid re-running this script phase.\necho \"SUCCESS\" > \"${SCRIPT_OUTPUT_FILE_0}\"\n";
			showEnvVarsInLog = 0;
		};
		D030AA325E6801CA31C3B885 /* [CP] Embed Pods Frameworks */ = {
			isa = PBXShellScriptBuildPhase;
			buildActionMask = 2147483647;
			files = (
			);
			inputFileListPaths = (
				"${PODS_ROOT}/Target Support Files/Pods-Lollipop/Pods-Lollipop-frameworks-${CONFIGURATION}-input-files.xcfilelist",
			);
			name = "[CP] Embed Pods Frameworks";
			outputFileListPaths = (
				"${PODS_ROOT}/Target Support Files/Pods-Lollipop/Pods-Lollipop-frameworks-${CONFIGURATION}-output-files.xcfilelist",
			);
			runOnlyForDeploymentPostprocessing = 0;
			shellPath = /bin/sh;
			shellScript = "\"${PODS_ROOT}/Target Support Files/Pods-Lollipop/Pods-Lollipop-frameworks.sh\"\n";
			showEnvVarsInLog = 0;
		};
/* End PBXShellScriptBuildPhase section */

/* Begin PBXSourcesBuildPhase section */
		2CACCD242BD51C81008178F8 /* Sources */ = {
			isa = PBXSourcesBuildPhase;
			buildActionMask = 2147483647;
			files = (
				2CACCD8D2BD52E38008178F8 /* Alert.swift in Sources */,
				2CACCDA52BD53241008178F8 /* Analytics.swift in Sources */,
				2CACCD892BD5290B008178F8 /* LaunchUI.swift in Sources */,
				2CACCDA82BD53265008178F8 /* FirebaseEvents.swift in Sources */,
				2CACCD802BD528F7008178F8 /* LaunchPresenter.swift in Sources */,
				2CACCD812BD528F7008178F8 /* LaunchProtocols.swift in Sources */,
				2CACCD822BD528F7008178F8 /* LaunchInteractor.swift in Sources */,
				2CACCD832BD528F7008178F8 /* LaunchView.swift in Sources */,
				2CACCD842BD528F7008178F8 /* LaunchModel.swift in Sources */,
				2CACCDAA2BD5327F008178F8 /* UIColor+Extension.swift in Sources */,
				2CACCD852BD528F7008178F8 /* LaunchWireframe.swift in Sources */,
				2CACCD952BD52FA3008178F8 /* LocalizedTitle.swift in Sources */,
				2CACCD902BD52E81008178F8 /* UIApplication+Extension.swift in Sources */,
				2CACCDAD2BD53299008178F8 /* AppColors.swift in Sources */,
				2CACCD932BD52F84008178F8 /* LocalizationSystem.swift in Sources */,
				2CACCD2C2BD51C81008178F8 /* AppDelegate.swift in Sources */,
			);
			runOnlyForDeploymentPostprocessing = 0;
		};
		2CACCD3A2BD51C83008178F8 /* Sources */ = {
			isa = PBXSourcesBuildPhase;
			buildActionMask = 2147483647;
			files = (
				2CACCD432BD51C83008178F8 /* LollipopTests.swift in Sources */,
			);
			runOnlyForDeploymentPostprocessing = 0;
		};
		2CACCD442BD51C83008178F8 /* Sources */ = {
			isa = PBXSourcesBuildPhase;
			buildActionMask = 2147483647;
			files = (
				2CACCD4F2BD51C83008178F8 /* LollipopUITestsLaunchTests.swift in Sources */,
				2CACCD4D2BD51C83008178F8 /* LollipopUITests.swift in Sources */,
			);
			runOnlyForDeploymentPostprocessing = 0;
		};
/* End PBXSourcesBuildPhase section */

/* Begin PBXTargetDependency section */
		2CACCD402BD51C83008178F8 /* PBXTargetDependency */ = {
			isa = PBXTargetDependency;
			target = 2CACCD272BD51C81008178F8 /* Lollipop */;
			targetProxy = 2CACCD3F2BD51C83008178F8 /* PBXContainerItemProxy */;
		};
		2CACCD4A2BD51C83008178F8 /* PBXTargetDependency */ = {
			isa = PBXTargetDependency;
			target = 2CACCD272BD51C81008178F8 /* Lollipop */;
			targetProxy = 2CACCD492BD51C83008178F8 /* PBXContainerItemProxy */;
		};
/* End PBXTargetDependency section */

/* Begin PBXVariantGroup section */
		2CACCD362BD51C83008178F8 /* LaunchScreen.storyboard */ = {
			isa = PBXVariantGroup;
			children = (
				2CACCD372BD51C83008178F8 /* Base */,
			);
			name = LaunchScreen.storyboard;
			sourceTree = "<group>";
		};
		2CACCD9E2BD530A5008178F8 /* Localizable.strings */ = {
			isa = PBXVariantGroup;
			children = (
				2CACCD9F2BD530A5008178F8 /* en */,
				2CACCDA12BD530B9008178F8 /* sr-ME */,
				2CACCDA22BD530C7008178F8 /* sr */,
			);
			name = Localizable.strings;
			sourceTree = "<group>";
		};
/* End PBXVariantGroup section */

/* Begin XCBuildConfiguration section */
		2CACCD502BD51C83008178F8 /* Lollipop Developmet Debug */ = {
			isa = XCBuildConfiguration;
			buildSettings = {
				ALWAYS_SEARCH_USER_PATHS = NO;
				APP_NAME = "Lollipop Dev";
				ASSETCATALOG_COMPILER_GENERATE_SWIFT_ASSET_SYMBOL_EXTENSIONS = YES;
				CLANG_ANALYZER_NONNULL = YES;
				CLANG_ANALYZER_NUMBER_OBJECT_CONVERSION = YES_AGGRESSIVE;
				CLANG_CXX_LANGUAGE_STANDARD = "gnu++20";
				CLANG_ENABLE_MODULES = YES;
				CLANG_ENABLE_OBJC_ARC = YES;
				CLANG_ENABLE_OBJC_WEAK = YES;
				CLANG_WARN_BLOCK_CAPTURE_AUTORELEASING = YES;
				CLANG_WARN_BOOL_CONVERSION = YES;
				CLANG_WARN_COMMA = YES;
				CLANG_WARN_CONSTANT_CONVERSION = YES;
				CLANG_WARN_DEPRECATED_OBJC_IMPLEMENTATIONS = YES;
				CLANG_WARN_DIRECT_OBJC_ISA_USAGE = YES_ERROR;
				CLANG_WARN_DOCUMENTATION_COMMENTS = YES;
				CLANG_WARN_EMPTY_BODY = YES;
				CLANG_WARN_ENUM_CONVERSION = YES;
				CLANG_WARN_INFINITE_RECURSION = YES;
				CLANG_WARN_INT_CONVERSION = YES;
				CLANG_WARN_NON_LITERAL_NULL_CONVERSION = YES;
				CLANG_WARN_OBJC_IMPLICIT_RETAIN_SELF = YES;
				CLANG_WARN_OBJC_LITERAL_CONVERSION = YES;
				CLANG_WARN_OBJC_ROOT_CLASS = YES_ERROR;
				CLANG_WARN_QUOTED_INCLUDE_IN_FRAMEWORK_HEADER = YES;
				CLANG_WARN_RANGE_LOOP_ANALYSIS = YES;
				CLANG_WARN_STRICT_PROTOTYPES = YES;
				CLANG_WARN_SUSPICIOUS_MOVE = YES;
				CLANG_WARN_UNGUARDED_AVAILABILITY = YES_AGGRESSIVE;
				CLANG_WARN_UNREACHABLE_CODE = YES;
				CLANG_WARN__DUPLICATE_METHOD_MATCH = YES;
				COPY_PHASE_STRIP = NO;
				DEBUG_INFORMATION_FORMAT = dwarf;
				ENABLE_STRICT_OBJC_MSGSEND = YES;
				ENABLE_TESTABILITY = YES;
				ENABLE_USER_SCRIPT_SANDBOXING = YES;
				GCC_C_LANGUAGE_STANDARD = gnu17;
				GCC_DYNAMIC_NO_PIC = NO;
				GCC_NO_COMMON_BLOCKS = YES;
				GCC_OPTIMIZATION_LEVEL = 0;
				GCC_PREPROCESSOR_DEFINITIONS = (
					"DEBUG=1",
					"$(inherited)",
				);
				GCC_WARN_64_TO_32_BIT_CONVERSION = YES;
				GCC_WARN_ABOUT_RETURN_TYPE = YES_ERROR;
				GCC_WARN_UNDECLARED_SELECTOR = YES;
				GCC_WARN_UNINITIALIZED_AUTOS = YES_AGGRESSIVE;
				GCC_WARN_UNUSED_FUNCTION = YES;
				GCC_WARN_UNUSED_VARIABLE = YES;
				IPHONEOS_DEPLOYMENT_TARGET = 15.0;
				LOCALIZATION_PREFERS_STRING_CATALOGS = YES;
				MTL_ENABLE_DEBUG_INFO = INCLUDE_SOURCE;
				MTL_FAST_MATH = YES;
				ONLY_ACTIVE_ARCH = YES;
				PRODUCT_BUNDLE_IDENTIFIER = com.lollipop.coa.dev;
				SDKROOT = iphoneos;
				SWIFT_ACTIVE_COMPILATION_CONDITIONS = DEV;
				SWIFT_OPTIMIZATION_LEVEL = "-Onone";
			};
			name = "Lollipop Developmet Debug";
		};
		2CACCD512BD51C83008178F8 /* Lollipop Development Release */ = {
			isa = XCBuildConfiguration;
			buildSettings = {
				ALWAYS_SEARCH_USER_PATHS = NO;
				APP_NAME = "Lollipop Dev";
				ASSETCATALOG_COMPILER_GENERATE_SWIFT_ASSET_SYMBOL_EXTENSIONS = YES;
				CLANG_ANALYZER_NONNULL = YES;
				CLANG_ANALYZER_NUMBER_OBJECT_CONVERSION = YES_AGGRESSIVE;
				CLANG_CXX_LANGUAGE_STANDARD = "gnu++20";
				CLANG_ENABLE_MODULES = YES;
				CLANG_ENABLE_OBJC_ARC = YES;
				CLANG_ENABLE_OBJC_WEAK = YES;
				CLANG_WARN_BLOCK_CAPTURE_AUTORELEASING = YES;
				CLANG_WARN_BOOL_CONVERSION = YES;
				CLANG_WARN_COMMA = YES;
				CLANG_WARN_CONSTANT_CONVERSION = YES;
				CLANG_WARN_DEPRECATED_OBJC_IMPLEMENTATIONS = YES;
				CLANG_WARN_DIRECT_OBJC_ISA_USAGE = YES_ERROR;
				CLANG_WARN_DOCUMENTATION_COMMENTS = YES;
				CLANG_WARN_EMPTY_BODY = YES;
				CLANG_WARN_ENUM_CONVERSION = YES;
				CLANG_WARN_INFINITE_RECURSION = YES;
				CLANG_WARN_INT_CONVERSION = YES;
				CLANG_WARN_NON_LITERAL_NULL_CONVERSION = YES;
				CLANG_WARN_OBJC_IMPLICIT_RETAIN_SELF = YES;
				CLANG_WARN_OBJC_LITERAL_CONVERSION = YES;
				CLANG_WARN_OBJC_ROOT_CLASS = YES_ERROR;
				CLANG_WARN_QUOTED_INCLUDE_IN_FRAMEWORK_HEADER = YES;
				CLANG_WARN_RANGE_LOOP_ANALYSIS = YES;
				CLANG_WARN_STRICT_PROTOTYPES = YES;
				CLANG_WARN_SUSPICIOUS_MOVE = YES;
				CLANG_WARN_UNGUARDED_AVAILABILITY = YES_AGGRESSIVE;
				CLANG_WARN_UNREACHABLE_CODE = YES;
				CLANG_WARN__DUPLICATE_METHOD_MATCH = YES;
				COPY_PHASE_STRIP = NO;
				DEBUG_INFORMATION_FORMAT = "dwarf-with-dsym";
				ENABLE_NS_ASSERTIONS = NO;
				ENABLE_STRICT_OBJC_MSGSEND = YES;
				ENABLE_USER_SCRIPT_SANDBOXING = YES;
				GCC_C_LANGUAGE_STANDARD = gnu17;
				GCC_NO_COMMON_BLOCKS = YES;
				GCC_WARN_64_TO_32_BIT_CONVERSION = YES;
				GCC_WARN_ABOUT_RETURN_TYPE = YES_ERROR;
				GCC_WARN_UNDECLARED_SELECTOR = YES;
				GCC_WARN_UNINITIALIZED_AUTOS = YES_AGGRESSIVE;
				GCC_WARN_UNUSED_FUNCTION = YES;
				GCC_WARN_UNUSED_VARIABLE = YES;
				IPHONEOS_DEPLOYMENT_TARGET = 15.0;
				LOCALIZATION_PREFERS_STRING_CATALOGS = YES;
				MTL_ENABLE_DEBUG_INFO = NO;
				MTL_FAST_MATH = YES;
				PRODUCT_BUNDLE_IDENTIFIER = com.lollipop.coa.dev;
				SDKROOT = iphoneos;
				SWIFT_ACTIVE_COMPILATION_CONDITIONS = DEV;
				SWIFT_COMPILATION_MODE = wholemodule;
				VALIDATE_PRODUCT = YES;
			};
			name = "Lollipop Development Release";
		};
		2CACCD532BD51C83008178F8 /* Lollipop Developmet Debug */ = {
			isa = XCBuildConfiguration;
			baseConfigurationReference = 2F5C16632B5378460D3B34E7 /* Pods-Lollipop.lollipop developmet debug.xcconfig */;
			buildSettings = {
				ASSETCATALOG_COMPILER_APPICON_NAME = AppIcon;
				ASSETCATALOG_COMPILER_GLOBAL_ACCENT_COLOR_NAME = AccentColor;
				CODE_SIGN_ENTITLEMENTS = Lollipop/Lollipop.entitlements;
				CODE_SIGN_STYLE = Automatic;
				CURRENT_PROJECT_VERSION = 1;
				DEVELOPMENT_TEAM = 63M9VB92YC;
				ENABLE_USER_SCRIPT_SANDBOXING = NO;
				GENERATE_INFOPLIST_FILE = YES;
				INFOPLIST_FILE = "Lollipop/Info property lists/Info.plist";
				INFOPLIST_KEY_CFBundleDisplayName = "Lollipop Dev";
				INFOPLIST_KEY_UIApplicationSupportsIndirectInputEvents = YES;
				INFOPLIST_KEY_UILaunchStoryboardName = LaunchScreen.storyboard;
				INFOPLIST_KEY_UISupportedInterfaceOrientations = UIInterfaceOrientationPortrait;
				LD_RUNPATH_SEARCH_PATHS = (
					"$(inherited)",
					"@executable_path/Frameworks",
				);
				MARKETING_VERSION = 1.0;
				PRODUCT_BUNDLE_IDENTIFIER = com.lollipop.coa.dev;
				PRODUCT_NAME = "$(TARGET_NAME)";
				SUPPORTED_PLATFORMS = "iphoneos iphonesimulator";
				SUPPORTS_MACCATALYST = NO;
				SUPPORTS_MAC_DESIGNED_FOR_IPHONE_IPAD = NO;
				SUPPORTS_XR_DESIGNED_FOR_IPHONE_IPAD = NO;
				SWIFT_EMIT_LOC_STRINGS = YES;
				SWIFT_VERSION = 5.0;
				TARGETED_DEVICE_FAMILY = 1;
			};
			name = "Lollipop Developmet Debug";
		};
		2CACCD542BD51C83008178F8 /* Lollipop Development Release */ = {
			isa = XCBuildConfiguration;
			baseConfigurationReference = D3FE9FE9BD3C0E082D2D49D8 /* Pods-Lollipop.lollipop development release.xcconfig */;
			buildSettings = {
				ASSETCATALOG_COMPILER_APPICON_NAME = AppIcon;
				ASSETCATALOG_COMPILER_GLOBAL_ACCENT_COLOR_NAME = AccentColor;
				CODE_SIGN_ENTITLEMENTS = Lollipop/Lollipop.entitlements;
				CODE_SIGN_STYLE = Automatic;
				CURRENT_PROJECT_VERSION = 1;
				DEVELOPMENT_TEAM = 63M9VB92YC;
				ENABLE_USER_SCRIPT_SANDBOXING = NO;
				GENERATE_INFOPLIST_FILE = YES;
				INFOPLIST_FILE = "Lollipop/Info property lists/Info.plist";
				INFOPLIST_KEY_CFBundleDisplayName = "Lollipop Dev";
				INFOPLIST_KEY_UIApplicationSupportsIndirectInputEvents = YES;
				INFOPLIST_KEY_UILaunchStoryboardName = LaunchScreen.storyboard;
				INFOPLIST_KEY_UISupportedInterfaceOrientations = UIInterfaceOrientationPortrait;
				LD_RUNPATH_SEARCH_PATHS = (
					"$(inherited)",
					"@executable_path/Frameworks",
				);
				MARKETING_VERSION = 1.0;
				PRODUCT_BUNDLE_IDENTIFIER = com.lollipop.coa.dev;
				PRODUCT_NAME = "$(TARGET_NAME)";
				SUPPORTED_PLATFORMS = "iphoneos iphonesimulator";
				SUPPORTS_MACCATALYST = NO;
				SUPPORTS_MAC_DESIGNED_FOR_IPHONE_IPAD = NO;
				SUPPORTS_XR_DESIGNED_FOR_IPHONE_IPAD = NO;
				SWIFT_EMIT_LOC_STRINGS = YES;
				SWIFT_VERSION = 5.0;
				TARGETED_DEVICE_FAMILY = 1;
			};
			name = "Lollipop Development Release";
		};
		2CACCD562BD51C83008178F8 /* Lollipop Developmet Debug */ = {
			isa = XCBuildConfiguration;
			buildSettings = {
				ALWAYS_EMBED_SWIFT_STANDARD_LIBRARIES = YES;
				BUNDLE_LOADER = "$(TEST_HOST)";
				CODE_SIGN_STYLE = Automatic;
				CURRENT_PROJECT_VERSION = 1;
				DEVELOPMENT_TEAM = 63M9VB92YC;
				GENERATE_INFOPLIST_FILE = YES;
				IPHONEOS_DEPLOYMENT_TARGET = 17.4;
				MARKETING_VERSION = 1.0;
				PRODUCT_BUNDLE_IDENTIFIER = com.lollipop.coa.dev.LollipopTests;
				PRODUCT_NAME = "$(TARGET_NAME)";
				SWIFT_EMIT_LOC_STRINGS = NO;
				SWIFT_VERSION = 5.0;
				TARGETED_DEVICE_FAMILY = "1,2";
				TEST_HOST = "$(BUILT_PRODUCTS_DIR)/Lollipop.app/$(BUNDLE_EXECUTABLE_FOLDER_PATH)/Lollipop";
			};
			name = "Lollipop Developmet Debug";
		};
		2CACCD572BD51C83008178F8 /* Lollipop Development Release */ = {
			isa = XCBuildConfiguration;
			buildSettings = {
				ALWAYS_EMBED_SWIFT_STANDARD_LIBRARIES = YES;
				BUNDLE_LOADER = "$(TEST_HOST)";
				CODE_SIGN_STYLE = Automatic;
				CURRENT_PROJECT_VERSION = 1;
				DEVELOPMENT_TEAM = 63M9VB92YC;
				GENERATE_INFOPLIST_FILE = YES;
				IPHONEOS_DEPLOYMENT_TARGET = 17.4;
				MARKETING_VERSION = 1.0;
				PRODUCT_BUNDLE_IDENTIFIER = com.lollipop.coa.dev.LollipopTests;
				PRODUCT_NAME = "$(TARGET_NAME)";
				SWIFT_EMIT_LOC_STRINGS = NO;
				SWIFT_VERSION = 5.0;
				TARGETED_DEVICE_FAMILY = "1,2";
				TEST_HOST = "$(BUILT_PRODUCTS_DIR)/Lollipop.app/$(BUNDLE_EXECUTABLE_FOLDER_PATH)/Lollipop";
			};
			name = "Lollipop Development Release";
		};
		2CACCD592BD51C83008178F8 /* Lollipop Developmet Debug */ = {
			isa = XCBuildConfiguration;
			buildSettings = {
				ALWAYS_EMBED_SWIFT_STANDARD_LIBRARIES = YES;
				CODE_SIGN_STYLE = Automatic;
				CURRENT_PROJECT_VERSION = 1;
				DEVELOPMENT_TEAM = 63M9VB92YC;
				GENERATE_INFOPLIST_FILE = YES;
				MARKETING_VERSION = 1.0;
				PRODUCT_BUNDLE_IDENTIFIER = com.lollipop.coa.dev.LollipopUITests;
				PRODUCT_NAME = "$(TARGET_NAME)";
				SWIFT_EMIT_LOC_STRINGS = NO;
				SWIFT_VERSION = 5.0;
				TARGETED_DEVICE_FAMILY = "1,2";
				TEST_TARGET_NAME = Lollipop;
			};
			name = "Lollipop Developmet Debug";
		};
		2CACCD5A2BD51C83008178F8 /* Lollipop Development Release */ = {
			isa = XCBuildConfiguration;
			buildSettings = {
				ALWAYS_EMBED_SWIFT_STANDARD_LIBRARIES = YES;
				CODE_SIGN_STYLE = Automatic;
				CURRENT_PROJECT_VERSION = 1;
				DEVELOPMENT_TEAM = 63M9VB92YC;
				GENERATE_INFOPLIST_FILE = YES;
				MARKETING_VERSION = 1.0;
				PRODUCT_BUNDLE_IDENTIFIER = com.lollipop.coa.dev.LollipopUITests;
				PRODUCT_NAME = "$(TARGET_NAME)";
				SWIFT_EMIT_LOC_STRINGS = NO;
				SWIFT_VERSION = 5.0;
				TARGETED_DEVICE_FAMILY = "1,2";
				TEST_TARGET_NAME = Lollipop;
			};
			name = "Lollipop Development Release";
		};
		2CACCD5B2BD52130008178F8 /* Lollipop Production Debug */ = {
			isa = XCBuildConfiguration;
			buildSettings = {
				ALWAYS_SEARCH_USER_PATHS = NO;
				APP_NAME = Lollipop;
				ASSETCATALOG_COMPILER_GENERATE_SWIFT_ASSET_SYMBOL_EXTENSIONS = YES;
				CLANG_ANALYZER_NONNULL = YES;
				CLANG_ANALYZER_NUMBER_OBJECT_CONVERSION = YES_AGGRESSIVE;
				CLANG_CXX_LANGUAGE_STANDARD = "gnu++20";
				CLANG_ENABLE_MODULES = YES;
				CLANG_ENABLE_OBJC_ARC = YES;
				CLANG_ENABLE_OBJC_WEAK = YES;
				CLANG_WARN_BLOCK_CAPTURE_AUTORELEASING = YES;
				CLANG_WARN_BOOL_CONVERSION = YES;
				CLANG_WARN_COMMA = YES;
				CLANG_WARN_CONSTANT_CONVERSION = YES;
				CLANG_WARN_DEPRECATED_OBJC_IMPLEMENTATIONS = YES;
				CLANG_WARN_DIRECT_OBJC_ISA_USAGE = YES_ERROR;
				CLANG_WARN_DOCUMENTATION_COMMENTS = YES;
				CLANG_WARN_EMPTY_BODY = YES;
				CLANG_WARN_ENUM_CONVERSION = YES;
				CLANG_WARN_INFINITE_RECURSION = YES;
				CLANG_WARN_INT_CONVERSION = YES;
				CLANG_WARN_NON_LITERAL_NULL_CONVERSION = YES;
				CLANG_WARN_OBJC_IMPLICIT_RETAIN_SELF = YES;
				CLANG_WARN_OBJC_LITERAL_CONVERSION = YES;
				CLANG_WARN_OBJC_ROOT_CLASS = YES_ERROR;
				CLANG_WARN_QUOTED_INCLUDE_IN_FRAMEWORK_HEADER = YES;
				CLANG_WARN_RANGE_LOOP_ANALYSIS = YES;
				CLANG_WARN_STRICT_PROTOTYPES = YES;
				CLANG_WARN_SUSPICIOUS_MOVE = YES;
				CLANG_WARN_UNGUARDED_AVAILABILITY = YES_AGGRESSIVE;
				CLANG_WARN_UNREACHABLE_CODE = YES;
				CLANG_WARN__DUPLICATE_METHOD_MATCH = YES;
				COPY_PHASE_STRIP = NO;
				DEBUG_INFORMATION_FORMAT = dwarf;
				ENABLE_STRICT_OBJC_MSGSEND = YES;
				ENABLE_TESTABILITY = YES;
				ENABLE_USER_SCRIPT_SANDBOXING = YES;
				GCC_C_LANGUAGE_STANDARD = gnu17;
				GCC_DYNAMIC_NO_PIC = NO;
				GCC_NO_COMMON_BLOCKS = YES;
				GCC_OPTIMIZATION_LEVEL = 0;
				GCC_PREPROCESSOR_DEFINITIONS = (
					"DEBUG=1",
					"$(inherited)",
				);
				GCC_WARN_64_TO_32_BIT_CONVERSION = YES;
				GCC_WARN_ABOUT_RETURN_TYPE = YES_ERROR;
				GCC_WARN_UNDECLARED_SELECTOR = YES;
				GCC_WARN_UNINITIALIZED_AUTOS = YES_AGGRESSIVE;
				GCC_WARN_UNUSED_FUNCTION = YES;
				GCC_WARN_UNUSED_VARIABLE = YES;
				IPHONEOS_DEPLOYMENT_TARGET = 15.0;
				LOCALIZATION_PREFERS_STRING_CATALOGS = YES;
				MTL_ENABLE_DEBUG_INFO = INCLUDE_SOURCE;
				MTL_FAST_MATH = YES;
				ONLY_ACTIVE_ARCH = YES;
				PRODUCT_BUNDLE_IDENTIFIER = com.lollipop.coa;
				SDKROOT = iphoneos;
				SWIFT_ACTIVE_COMPILATION_CONDITIONS = PROD;
				SWIFT_OPTIMIZATION_LEVEL = "-Onone";
			};
			name = "Lollipop Production Debug";
		};
		2CACCD5C2BD52130008178F8 /* Lollipop Production Debug */ = {
			isa = XCBuildConfiguration;
			baseConfigurationReference = 38FFEF8E6EBB79E961E895E0 /* Pods-Lollipop.lollipop production debug.xcconfig */;
			buildSettings = {
				ASSETCATALOG_COMPILER_APPICON_NAME = AppIcon;
				ASSETCATALOG_COMPILER_GLOBAL_ACCENT_COLOR_NAME = AccentColor;
				CODE_SIGN_ENTITLEMENTS = Lollipop/Lollipop.entitlements;
				CODE_SIGN_STYLE = Automatic;
				CURRENT_PROJECT_VERSION = 1;
				DEVELOPMENT_TEAM = 63M9VB92YC;
				ENABLE_USER_SCRIPT_SANDBOXING = NO;
				GENERATE_INFOPLIST_FILE = YES;
				INFOPLIST_FILE = "Lollipop/Info property lists/Info.plist";
				INFOPLIST_KEY_CFBundleDisplayName = "Lollipop Dev";
				INFOPLIST_KEY_UIApplicationSupportsIndirectInputEvents = YES;
				INFOPLIST_KEY_UILaunchStoryboardName = LaunchScreen.storyboard;
				INFOPLIST_KEY_UISupportedInterfaceOrientations = UIInterfaceOrientationPortrait;
				LD_RUNPATH_SEARCH_PATHS = (
					"$(inherited)",
					"@executable_path/Frameworks",
				);
				MARKETING_VERSION = 1.0;
				PRODUCT_BUNDLE_IDENTIFIER = com.lollipop.coa;
				PRODUCT_NAME = "$(TARGET_NAME)";
				SUPPORTED_PLATFORMS = "iphoneos iphonesimulator";
				SUPPORTS_MACCATALYST = NO;
				SUPPORTS_MAC_DESIGNED_FOR_IPHONE_IPAD = NO;
				SUPPORTS_XR_DESIGNED_FOR_IPHONE_IPAD = NO;
				SWIFT_EMIT_LOC_STRINGS = YES;
				SWIFT_VERSION = 5.0;
				TARGETED_DEVICE_FAMILY = 1;
			};
			name = "Lollipop Production Debug";
		};
		2CACCD5D2BD52130008178F8 /* Lollipop Production Debug */ = {
			isa = XCBuildConfiguration;
			buildSettings = {
				ALWAYS_EMBED_SWIFT_STANDARD_LIBRARIES = YES;
				BUNDLE_LOADER = "$(TEST_HOST)";
				CODE_SIGN_STYLE = Automatic;
				CURRENT_PROJECT_VERSION = 1;
				DEVELOPMENT_TEAM = 63M9VB92YC;
				GENERATE_INFOPLIST_FILE = YES;
				IPHONEOS_DEPLOYMENT_TARGET = 17.4;
				MARKETING_VERSION = 1.0;
				PRODUCT_BUNDLE_IDENTIFIER = com.lollipop.coa.dev.LollipopTests;
				PRODUCT_NAME = "$(TARGET_NAME)";
				SWIFT_EMIT_LOC_STRINGS = NO;
				SWIFT_VERSION = 5.0;
				TARGETED_DEVICE_FAMILY = "1,2";
				TEST_HOST = "$(BUILT_PRODUCTS_DIR)/Lollipop.app/$(BUNDLE_EXECUTABLE_FOLDER_PATH)/Lollipop";
			};
			name = "Lollipop Production Debug";
		};
		2CACCD5E2BD52130008178F8 /* Lollipop Production Debug */ = {
			isa = XCBuildConfiguration;
			buildSettings = {
				ALWAYS_EMBED_SWIFT_STANDARD_LIBRARIES = YES;
				CODE_SIGN_STYLE = Automatic;
				CURRENT_PROJECT_VERSION = 1;
				DEVELOPMENT_TEAM = 63M9VB92YC;
				GENERATE_INFOPLIST_FILE = YES;
				MARKETING_VERSION = 1.0;
				PRODUCT_BUNDLE_IDENTIFIER = com.lollipop.coa.dev.LollipopUITests;
				PRODUCT_NAME = "$(TARGET_NAME)";
				SWIFT_EMIT_LOC_STRINGS = NO;
				SWIFT_VERSION = 5.0;
				TARGETED_DEVICE_FAMILY = "1,2";
				TEST_TARGET_NAME = Lollipop;
			};
			name = "Lollipop Production Debug";
		};
		2CACCD5F2BD52134008178F8 /* Lollipop Production Release */ = {
			isa = XCBuildConfiguration;
			buildSettings = {
				ALWAYS_SEARCH_USER_PATHS = NO;
				APP_NAME = Lollipop;
				ASSETCATALOG_COMPILER_GENERATE_SWIFT_ASSET_SYMBOL_EXTENSIONS = YES;
				CLANG_ANALYZER_NONNULL = YES;
				CLANG_ANALYZER_NUMBER_OBJECT_CONVERSION = YES_AGGRESSIVE;
				CLANG_CXX_LANGUAGE_STANDARD = "gnu++20";
				CLANG_ENABLE_MODULES = YES;
				CLANG_ENABLE_OBJC_ARC = YES;
				CLANG_ENABLE_OBJC_WEAK = YES;
				CLANG_WARN_BLOCK_CAPTURE_AUTORELEASING = YES;
				CLANG_WARN_BOOL_CONVERSION = YES;
				CLANG_WARN_COMMA = YES;
				CLANG_WARN_CONSTANT_CONVERSION = YES;
				CLANG_WARN_DEPRECATED_OBJC_IMPLEMENTATIONS = YES;
				CLANG_WARN_DIRECT_OBJC_ISA_USAGE = YES_ERROR;
				CLANG_WARN_DOCUMENTATION_COMMENTS = YES;
				CLANG_WARN_EMPTY_BODY = YES;
				CLANG_WARN_ENUM_CONVERSION = YES;
				CLANG_WARN_INFINITE_RECURSION = YES;
				CLANG_WARN_INT_CONVERSION = YES;
				CLANG_WARN_NON_LITERAL_NULL_CONVERSION = YES;
				CLANG_WARN_OBJC_IMPLICIT_RETAIN_SELF = YES;
				CLANG_WARN_OBJC_LITERAL_CONVERSION = YES;
				CLANG_WARN_OBJC_ROOT_CLASS = YES_ERROR;
				CLANG_WARN_QUOTED_INCLUDE_IN_FRAMEWORK_HEADER = YES;
				CLANG_WARN_RANGE_LOOP_ANALYSIS = YES;
				CLANG_WARN_STRICT_PROTOTYPES = YES;
				CLANG_WARN_SUSPICIOUS_MOVE = YES;
				CLANG_WARN_UNGUARDED_AVAILABILITY = YES_AGGRESSIVE;
				CLANG_WARN_UNREACHABLE_CODE = YES;
				CLANG_WARN__DUPLICATE_METHOD_MATCH = YES;
				COPY_PHASE_STRIP = NO;
				DEBUG_INFORMATION_FORMAT = "dwarf-with-dsym";
				ENABLE_NS_ASSERTIONS = NO;
				ENABLE_STRICT_OBJC_MSGSEND = YES;
				ENABLE_USER_SCRIPT_SANDBOXING = YES;
				GCC_C_LANGUAGE_STANDARD = gnu17;
				GCC_NO_COMMON_BLOCKS = YES;
				GCC_WARN_64_TO_32_BIT_CONVERSION = YES;
				GCC_WARN_ABOUT_RETURN_TYPE = YES_ERROR;
				GCC_WARN_UNDECLARED_SELECTOR = YES;
				GCC_WARN_UNINITIALIZED_AUTOS = YES_AGGRESSIVE;
				GCC_WARN_UNUSED_FUNCTION = YES;
				GCC_WARN_UNUSED_VARIABLE = YES;
				IPHONEOS_DEPLOYMENT_TARGET = 15.0;
				LOCALIZATION_PREFERS_STRING_CATALOGS = YES;
				MTL_ENABLE_DEBUG_INFO = NO;
				MTL_FAST_MATH = YES;
				PRODUCT_BUNDLE_IDENTIFIER = com.lollipop.coa;
				SDKROOT = iphoneos;
				SWIFT_ACTIVE_COMPILATION_CONDITIONS = PROD;
				SWIFT_COMPILATION_MODE = wholemodule;
				VALIDATE_PRODUCT = YES;
			};
			name = "Lollipop Production Release";
		};
		2CACCD602BD52134008178F8 /* Lollipop Production Release */ = {
			isa = XCBuildConfiguration;
			baseConfigurationReference = 7089D40ECF3C7B2E72F9D192 /* Pods-Lollipop.lollipop production release.xcconfig */;
			buildSettings = {
				ASSETCATALOG_COMPILER_APPICON_NAME = AppIcon;
				ASSETCATALOG_COMPILER_GLOBAL_ACCENT_COLOR_NAME = AccentColor;
				CODE_SIGN_ENTITLEMENTS = Lollipop/Lollipop.entitlements;
				CODE_SIGN_STYLE = Automatic;
				CURRENT_PROJECT_VERSION = 1;
				DEVELOPMENT_TEAM = 63M9VB92YC;
				ENABLE_USER_SCRIPT_SANDBOXING = NO;
				GENERATE_INFOPLIST_FILE = YES;
				INFOPLIST_FILE = "Lollipop/Info property lists/Info.plist";
				INFOPLIST_KEY_CFBundleDisplayName = "Lollipop Dev";
				INFOPLIST_KEY_UIApplicationSupportsIndirectInputEvents = YES;
				INFOPLIST_KEY_UILaunchStoryboardName = LaunchScreen.storyboard;
				INFOPLIST_KEY_UISupportedInterfaceOrientations = UIInterfaceOrientationPortrait;
				LD_RUNPATH_SEARCH_PATHS = (
					"$(inherited)",
					"@executable_path/Frameworks",
				);
				MARKETING_VERSION = 1.0;
				PRODUCT_BUNDLE_IDENTIFIER = com.lollipop.coa;
				PRODUCT_NAME = "$(TARGET_NAME)";
				SUPPORTED_PLATFORMS = "iphoneos iphonesimulator";
				SUPPORTS_MACCATALYST = NO;
				SUPPORTS_MAC_DESIGNED_FOR_IPHONE_IPAD = NO;
				SUPPORTS_XR_DESIGNED_FOR_IPHONE_IPAD = NO;
				SWIFT_EMIT_LOC_STRINGS = YES;
				SWIFT_VERSION = 5.0;
				TARGETED_DEVICE_FAMILY = 1;
			};
			name = "Lollipop Production Release";
		};
		2CACCD612BD52134008178F8 /* Lollipop Production Release */ = {
			isa = XCBuildConfiguration;
			buildSettings = {
				ALWAYS_EMBED_SWIFT_STANDARD_LIBRARIES = YES;
				BUNDLE_LOADER = "$(TEST_HOST)";
				CODE_SIGN_STYLE = Automatic;
				CURRENT_PROJECT_VERSION = 1;
				DEVELOPMENT_TEAM = 63M9VB92YC;
				GENERATE_INFOPLIST_FILE = YES;
				IPHONEOS_DEPLOYMENT_TARGET = 17.4;
				MARKETING_VERSION = 1.0;
				PRODUCT_BUNDLE_IDENTIFIER = com.lollipop.coa.dev.LollipopTests;
				PRODUCT_NAME = "$(TARGET_NAME)";
				SWIFT_EMIT_LOC_STRINGS = NO;
				SWIFT_VERSION = 5.0;
				TARGETED_DEVICE_FAMILY = "1,2";
				TEST_HOST = "$(BUILT_PRODUCTS_DIR)/Lollipop.app/$(BUNDLE_EXECUTABLE_FOLDER_PATH)/Lollipop";
			};
			name = "Lollipop Production Release";
		};
		2CACCD622BD52134008178F8 /* Lollipop Production Release */ = {
			isa = XCBuildConfiguration;
			buildSettings = {
				ALWAYS_EMBED_SWIFT_STANDARD_LIBRARIES = YES;
				CODE_SIGN_STYLE = Automatic;
				CURRENT_PROJECT_VERSION = 1;
				DEVELOPMENT_TEAM = 63M9VB92YC;
				GENERATE_INFOPLIST_FILE = YES;
				MARKETING_VERSION = 1.0;
				PRODUCT_BUNDLE_IDENTIFIER = com.lollipop.coa.dev.LollipopUITests;
				PRODUCT_NAME = "$(TARGET_NAME)";
				SWIFT_EMIT_LOC_STRINGS = NO;
				SWIFT_VERSION = 5.0;
				TARGETED_DEVICE_FAMILY = "1,2";
				TEST_TARGET_NAME = Lollipop;
			};
			name = "Lollipop Production Release";
		};
/* End XCBuildConfiguration section */

/* Begin XCConfigurationList section */
		2CACCD232BD51C81008178F8 /* Build configuration list for PBXProject "Lollipop" */ = {
			isa = XCConfigurationList;
			buildConfigurations = (
				2CACCD502BD51C83008178F8 /* Lollipop Developmet Debug */,
				2CACCD5B2BD52130008178F8 /* Lollipop Production Debug */,
				2CACCD512BD51C83008178F8 /* Lollipop Development Release */,
				2CACCD5F2BD52134008178F8 /* Lollipop Production Release */,
			);
			defaultConfigurationIsVisible = 0;
			defaultConfigurationName = "Lollipop Development Release";
		};
		2CACCD522BD51C83008178F8 /* Build configuration list for PBXNativeTarget "Lollipop" */ = {
			isa = XCConfigurationList;
			buildConfigurations = (
				2CACCD532BD51C83008178F8 /* Lollipop Developmet Debug */,
				2CACCD5C2BD52130008178F8 /* Lollipop Production Debug */,
				2CACCD542BD51C83008178F8 /* Lollipop Development Release */,
				2CACCD602BD52134008178F8 /* Lollipop Production Release */,
			);
			defaultConfigurationIsVisible = 0;
			defaultConfigurationName = "Lollipop Development Release";
		};
		2CACCD552BD51C83008178F8 /* Build configuration list for PBXNativeTarget "LollipopTests" */ = {
			isa = XCConfigurationList;
			buildConfigurations = (
				2CACCD562BD51C83008178F8 /* Lollipop Developmet Debug */,
				2CACCD5D2BD52130008178F8 /* Lollipop Production Debug */,
				2CACCD572BD51C83008178F8 /* Lollipop Development Release */,
				2CACCD612BD52134008178F8 /* Lollipop Production Release */,
			);
			defaultConfigurationIsVisible = 0;
			defaultConfigurationName = "Lollipop Development Release";
		};
		2CACCD582BD51C83008178F8 /* Build configuration list for PBXNativeTarget "LollipopUITests" */ = {
			isa = XCConfigurationList;
			buildConfigurations = (
				2CACCD592BD51C83008178F8 /* Lollipop Developmet Debug */,
				2CACCD5E2BD52130008178F8 /* Lollipop Production Debug */,
				2CACCD5A2BD51C83008178F8 /* Lollipop Development Release */,
				2CACCD622BD52134008178F8 /* Lollipop Production Release */,
			);
			defaultConfigurationIsVisible = 0;
			defaultConfigurationName = "Lollipop Development Release";
		};
/* End XCConfigurationList section */
	};
	rootObject = 2CACCD202BD51C81008178F8 /* Project object */;
}
